
Microsoft Visual Studio Solution File, Format Version 12.00
# Visual Studio 15
VisualStudioVersion = 15.0.28307.136
MinimumVisualStudioVersion = 10.0.40219.1
Project("{8BC9CEB8-8B4A-11D0-8D11-00A0C91BC942}") = "Application", "Application\Application.vcxproj", "{1CDE0222-15E4-4496-87E6-E29E3C0D98E6}"
EndProject
Global
	GlobalSection(SolutionConfigurationPlatforms) = preSolution
		Debug|x64 = Debug|x64
		Debug|x86 = Debug|x86
		Release|x64 = Release|x64
		Release|x86 = Release|x86
	EndGlobalSection
	GlobalSection(ProjectConfigurationPlatforms) = postSolution
		{1CDE0222-15E4-4496-87E6-E29E3C0D98E6}.Debug|x64.ActiveCfg = Debug|x64
		{1CDE0222-15E4-4496-87E6-E29E3C0D98E6}.Debug|x64.Build.0 = Debug|x64
		{1CDE0222-15E4-4496-87E6-E29E3C0D98E6}.Debug|x86.ActiveCfg = Debug|Win32
		{1CDE0222-15E4-4496-87E6-E29E3C0D98E6}.Debug|x86.Build.0 = Debug|Win32
		{1CDE0222-15E4-4496-87E6-E29E3C0D98E6}.Release|x64.ActiveCfg = Release|x64
		{1CDE0222-15E4-4496-87E6-E29E3C0D98E6}.Release|x64.Build.0 = Release|x64
		{1CDE0222-15E4-4496-87E6-E29E3C0D98E6}.Release|x86.ActiveCfg = Release|Win32
		{1CDE0222-15E4-4496-87E6-E29E3C0D98E6}.Release|x86.Build.0 = Release|Win32
	EndGlobalSection
	GlobalSection(SolutionProperties) = preSolution
		HideSolutionNode = FALSE
	EndGlobalSection
	GlobalSection(ExtensibilityGlobals) = postSolution
		SolutionGuid = {818D396C-251A-4CC7-930B-681C2D1D3273}
	EndGlobalSection
EndGlobal
